{
  "name": "encryptionservice",
  "version": "1.0.0",
  "lockfileVersion": 2,
  "requires": true,
  "packages": {
    "": {
      "name": "encryptionservice",
      "version": "1.0.0",
      "license": "ISC",
      "dependencies": {
        "node-seal": "^5.1.3"
      }
    },
    "node_modules/node-seal": {
      "version": "5.1.3",
      "resolved": "https://registry.npmjs.org/node-seal/-/node-seal-5.1.3.tgz",
      "integrity": "sha512-7+yLSGPr3+OOkPITLXCAmupWo01c0d+/7QqP+YDMrUeVQOh2s9J7z2n2hkwP4iL8gm+RmQUC9dVWk/S5cgAIvA=="
    }
  },
  "dependencies": {
    "node-seal": {
      "version": "5.1.3",
      "resolved": "https://registry.npmjs.org/node-seal/-/node-seal-5.1.3.tgz",
      "integrity": "sha512-7+yLSGPr3+OOkPITLXCAmupWo01c0d+/7QqP+YDMrUeVQOh2s9J7z2n2hkwP4iL8gm+RmQUC9dVWk/S5cgAIvA=="
    }
  }
}
